
Microsoft Visual Studio Solution File, Format Version 12.00
# Visual Studio 14
VisualStudioVersion = 14.0.25123.0
MinimumVisualStudioVersion = 10.0.40219.1
Project("{FAE04EC0-301F-11D3-BF4B-00C04F79EFBC}") = "KavyaStockTrading", "KavyaStockTrading\KavyaStockTrading.csproj", "{719B3389-A3A7-4721-BC84-137EE8678B68}"
EndProject
Project("{FAE04EC0-301F-11D3-BF4B-00C04F79EFBC}") = "KavyaStockTrading.Tests", "KavyaStockTrading.Tests\KavyaStockTrading.Tests.csproj", "{33FBD9D2-E5C0-4E21-B0CE-261F2CDE15A1}"
EndProject
Project("{FAE04EC0-301F-11D3-BF4B-00C04F79EFBC}") = "Domain", "Domain\Domain.csproj", "{24E3500F-9629-4E17-8D1D-BA6EB6D40320}"
EndProject
Project("{FAE04EC0-301F-11D3-BF4B-00C04F79EFBC}") = "DataLayer", "DataLayer\DataLayer.csproj", "{AD8EE7A8-01ED-479B-9209-FF0BB3095A53}"
EndProject
Project("{2150E333-8FDC-42A3-9474-1A3956D46DE8}") = "00_Client", "00_Client", "{FF9B968C-3AA8-4178-9881-F11A71A579DD}"
EndProject
Project("{2150E333-8FDC-42A3-9474-1A3956D46DE8}") = "02_StockTrading.Domain", "02_StockTrading.Domain", "{9513634F-B8B9-4EB3-AFDF-FFEBDAC3BAAE}"
EndProject
Project("{2150E333-8FDC-42A3-9474-1A3956D46DE8}") = "03_StockTrading.Infrastructure", "03_StockTrading.Infrastructure", "{5079EDE2-AAF4-49DE-930B-339C92D1ADB1}"
EndProject
Project("{FAE04EC0-301F-11D3-BF4B-00C04F79EFBC}") = "Database", "Database\Database.csproj", "{96C7CE6D-B088-4C76-A716-DBF830293E24}"
EndProject
Project("{FAE04EC0-301F-11D3-BF4B-00C04F79EFBC}") = "Application", "Application\Application.csproj", "{7E0D86C1-28CF-481C-BC0C-7D6B70408AF8}"
EndProject
Project("{2150E333-8FDC-42A3-9474-1A3956D46DE8}") = "01_Application", "01_Application", "{5B181CE8-AD87-4A10-82D1-8F40D363CE68}"
EndProject
Project("{2150E333-8FDC-42A3-9474-1A3956D46DE8}") = "Unit Test", "Unit Test", "{BB6587D5-366D-4FEE-B242-330D783613E1}"
EndProject
Project("{FAE04EC0-301F-11D3-BF4B-00C04F79EFBC}") = "MarketWatchAPI", "MarketWatchAPI\MarketWatchAPI.csproj", "{63016C4D-5641-41F1-8EB9-45DDCA690BC4}"
EndProject
Project("{FAE04EC0-301F-11D3-BF4B-00C04F79EFBC}") = "MarketWatchAPI.Tests", "MarketWatchAPI.Tests\MarketWatchAPI.Tests.csproj", "{C14F589F-51B9-411A-AD9D-DD4B6A08498A}"
EndProject
Project("{FAE04EC0-301F-11D3-BF4B-00C04F79EFBC}") = "MarketDataAPI", "MarketDataAPI\MarketDataAPI.csproj", "{42E84127-7B80-45AF-8440-4CCA03E6A904}"
EndProject
Global
	GlobalSection(SolutionConfigurationPlatforms) = preSolution
		Debug|Any CPU = Debug|Any CPU
		Release|Any CPU = Release|Any CPU
	EndGlobalSection
	GlobalSection(ProjectConfigurationPlatforms) = postSolution
		{719B3389-A3A7-4721-BC84-137EE8678B68}.Debug|Any CPU.ActiveCfg = Debug|Any CPU
		{719B3389-A3A7-4721-BC84-137EE8678B68}.Debug|Any CPU.Build.0 = Debug|Any CPU
		{719B3389-A3A7-4721-BC84-137EE8678B68}.Release|Any CPU.ActiveCfg = Release|Any CPU
		{719B3389-A3A7-4721-BC84-137EE8678B68}.Release|Any CPU.Build.0 = Release|Any CPU
		{33FBD9D2-E5C0-4E21-B0CE-261F2CDE15A1}.Debug|Any CPU.ActiveCfg = Debug|Any CPU
		{33FBD9D2-E5C0-4E21-B0CE-261F2CDE15A1}.Debug|Any CPU.Build.0 = Debug|Any CPU
		{33FBD9D2-E5C0-4E21-B0CE-261F2CDE15A1}.Release|Any CPU.ActiveCfg = Release|Any CPU
		{33FBD9D2-E5C0-4E21-B0CE-261F2CDE15A1}.Release|Any CPU.Build.0 = Release|Any CPU
		{24E3500F-9629-4E17-8D1D-BA6EB6D40320}.Debug|Any CPU.ActiveCfg = Debug|Any CPU
		{24E3500F-9629-4E17-8D1D-BA6EB6D40320}.Debug|Any CPU.Build.0 = Debug|Any CPU
		{24E3500F-9629-4E17-8D1D-BA6EB6D40320}.Release|Any CPU.ActiveCfg = Release|Any CPU
		{24E3500F-9629-4E17-8D1D-BA6EB6D40320}.Release|Any CPU.Build.0 = Release|Any CPU
		{AD8EE7A8-01ED-479B-9209-FF0BB3095A53}.Debug|Any CPU.ActiveCfg = Debug|Any CPU
		{AD8EE7A8-01ED-479B-9209-FF0BB3095A53}.Debug|Any CPU.Build.0 = Debug|Any CPU
		{AD8EE7A8-01ED-479B-9209-FF0BB3095A53}.Release|Any CPU.ActiveCfg = Release|Any CPU
		{AD8EE7A8-01ED-479B-9209-FF0BB3095A53}.Release|Any CPU.Build.0 = Release|Any CPU
		{96C7CE6D-B088-4C76-A716-DBF830293E24}.Debug|Any CPU.ActiveCfg = Debug|Any CPU
		{96C7CE6D-B088-4C76-A716-DBF830293E24}.Debug|Any CPU.Build.0 = Debug|Any CPU
		{96C7CE6D-B088-4C76-A716-DBF830293E24}.Release|Any CPU.ActiveCfg = Release|Any CPU
		{96C7CE6D-B088-4C76-A716-DBF830293E24}.Release|Any CPU.Build.0 = Release|Any CPU
		{7E0D86C1-28CF-481C-BC0C-7D6B70408AF8}.Debug|Any CPU.ActiveCfg = Debug|Any CPU
		{7E0D86C1-28CF-481C-BC0C-7D6B70408AF8}.Debug|Any CPU.Build.0 = Debug|Any CPU
		{7E0D86C1-28CF-481C-BC0C-7D6B70408AF8}.Release|Any CPU.ActiveCfg = Release|Any CPU
		{7E0D86C1-28CF-481C-BC0C-7D6B70408AF8}.Release|Any CPU.Build.0 = Release|Any CPU
		{63016C4D-5641-41F1-8EB9-45DDCA690BC4}.Debug|Any CPU.ActiveCfg = Debug|Any CPU
		{63016C4D-5641-41F1-8EB9-45DDCA690BC4}.Debug|Any CPU.Build.0 = Debug|Any CPU
		{63016C4D-5641-41F1-8EB9-45DDCA690BC4}.Release|Any CPU.ActiveCfg = Release|Any CPU
		{63016C4D-5641-41F1-8EB9-45DDCA690BC4}.Release|Any CPU.Build.0 = Release|Any CPU
		{C14F589F-51B9-411A-AD9D-DD4B6A08498A}.Debug|Any CPU.ActiveCfg = Debug|Any CPU
		{C14F589F-51B9-411A-AD9D-DD4B6A08498A}.Debug|Any CPU.Build.0 = Debug|Any CPU
		{C14F589F-51B9-411A-AD9D-DD4B6A08498A}.Release|Any CPU.ActiveCfg = Release|Any CPU
		{C14F589F-51B9-411A-AD9D-DD4B6A08498A}.Release|Any CPU.Build.0 = Release|Any CPU
		{42E84127-7B80-45AF-8440-4CCA03E6A904}.Debug|Any CPU.ActiveCfg = Debug|Any CPU
		{42E84127-7B80-45AF-8440-4CCA03E6A904}.Debug|Any CPU.Build.0 = Debug|Any CPU
		{42E84127-7B80-45AF-8440-4CCA03E6A904}.Release|Any CPU.ActiveCfg = Release|Any CPU
		{42E84127-7B80-45AF-8440-4CCA03E6A904}.Release|Any CPU.Build.0 = Release|Any CPU
	EndGlobalSection
	GlobalSection(SolutionProperties) = preSolution
		HideSolutionNode = FALSE
	EndGlobalSection
	GlobalSection(NestedProjects) = preSolution
		{719B3389-A3A7-4721-BC84-137EE8678B68} = {FF9B968C-3AA8-4178-9881-F11A71A579DD}
		{33FBD9D2-E5C0-4E21-B0CE-261F2CDE15A1} = {BB6587D5-366D-4FEE-B242-330D783613E1}
		{24E3500F-9629-4E17-8D1D-BA6EB6D40320} = {9513634F-B8B9-4EB3-AFDF-FFEBDAC3BAAE}
		{AD8EE7A8-01ED-479B-9209-FF0BB3095A53} = {5079EDE2-AAF4-49DE-930B-339C92D1ADB1}
		{96C7CE6D-B088-4C76-A716-DBF830293E24} = {5079EDE2-AAF4-49DE-930B-339C92D1ADB1}
		{7E0D86C1-28CF-481C-BC0C-7D6B70408AF8} = {5B181CE8-AD87-4A10-82D1-8F40D363CE68}
		{63016C4D-5641-41F1-8EB9-45DDCA690BC4} = {5B181CE8-AD87-4A10-82D1-8F40D363CE68}
		{C14F589F-51B9-411A-AD9D-DD4B6A08498A} = {5B181CE8-AD87-4A10-82D1-8F40D363CE68}
		{42E84127-7B80-45AF-8440-4CCA03E6A904} = {5B181CE8-AD87-4A10-82D1-8F40D363CE68}
	EndGlobalSection
EndGlobal
